// !$*UTF8*$!
{
	archiveVersion = 1;
	classes = {
	};
	objectVersion = 50;
	objects = {

/* Begin PBXBuildFile section */
		1E39E1D9224E5EE500BA4EFA /* ICUStartViewController.swift in Sources */ = {isa = PBXBuildFile; fileRef = 1E39E1D8224E5EE500BA4EFA /* ICUStartViewController.swift */; };
		1E39E1DB224E67E300BA4EFA /* ICUSaying.swift in Sources */ = {isa = PBXBuildFile; fileRef = 1E39E1DA224E67E300BA4EFA /* ICUSaying.swift */; };
		449E9529D3C61B8D8DE6254B /* Pods_ICU996.framework in Frameworks */ = {isa = PBXBuildFile; fileRef = DB744606DA04C0D8969A71D4 /* Pods_ICU996.framework */; };
		518DEAFA224F178100D18869 /* ICUFeedbackViewController.swift in Sources */ = {isa = PBXBuildFile; fileRef = 518DEAF9224F178100D18869 /* ICUFeedbackViewController.swift */; };
		518DEAFC224F1B7F00D18869 /* MessageUI.framework in Frameworks */ = {isa = PBXBuildFile; fileRef = 518DEAFB224F1B7F00D18869 /* MessageUI.framework */; };
		518DEAFE224F1F7800D18869 /* UIDevice+.swift in Sources */ = {isa = PBXBuildFile; fileRef = 518DEAFD224F1F7800D18869 /* UIDevice+.swift */; };
		5292FF641AF9DA2D28E4346D /* Pods_ICU996Tests.framework in Frameworks */ = {isa = PBXBuildFile; fileRef = 386FB4DD9B66CADCEE971A70 /* Pods_ICU996Tests.framework */; };
		8493C8AF224E543D00D28C22 /* IcuHeaderView.swift in Sources */ = {isa = PBXBuildFile; fileRef = 8493C8AE224E543D00D28C22 /* IcuHeaderView.swift */; };
		8493C8B1224E574A00D28C22 /* UIColor+996.swift in Sources */ = {isa = PBXBuildFile; fileRef = 8493C8B0224E574A00D28C22 /* UIColor+996.swift */; };
		8493C8B3224E5A9000D28C22 /* IcuHeaderViewModel.swift in Sources */ = {isa = PBXBuildFile; fileRef = 8493C8B2224E5A9000D28C22 /* IcuHeaderViewModel.swift */; };
		8493C8B6224E63F800D28C22 /* IcuTabView.swift in Sources */ = {isa = PBXBuildFile; fileRef = 8493C8B5224E63F800D28C22 /* IcuTabView.swift */; };
		8493C8B9224E66A900D28C22 /* IcuCalendarView.swift in Sources */ = {isa = PBXBuildFile; fileRef = 8493C8B8224E66A900D28C22 /* IcuCalendarView.swift */; };
		8493C8BC224E6DD200D28C22 /* IcuDateHelper.swift in Sources */ = {isa = PBXBuildFile; fileRef = 8493C8BB224E6DD200D28C22 /* IcuDateHelper.swift */; };
		8493C8C0224E6ED500D28C22 /* IcuCacheManager.swift in Sources */ = {isa = PBXBuildFile; fileRef = 8493C8BF224E6ED500D28C22 /* IcuCacheManager.swift */; };
		8493C8C2224F847600D28C22 /* IcuDateTest.swift in Sources */ = {isa = PBXBuildFile; fileRef = 8493C8C1224F847600D28C22 /* IcuDateTest.swift */; };
		84C7C9CA224C90AA0088F501 /* MainViewController.swift in Sources */ = {isa = PBXBuildFile; fileRef = 84C7C9C9224C90AA0088F501 /* MainViewController.swift */; };
		84C7C9CC224C91040088F501 /* UIColor+.swift in Sources */ = {isa = PBXBuildFile; fileRef = 84C7C9CB224C91040088F501 /* UIColor+.swift */; };
		84C7C9CE224C92DF0088F501 /* UIViewController+.swift in Sources */ = {isa = PBXBuildFile; fileRef = 84C7C9CD224C92DF0088F501 /* UIViewController+.swift */; };
		84C7C9D1224C93490088F501 /* UIFont+996.swift in Sources */ = {isa = PBXBuildFile; fileRef = 84C7C9D0224C93490088F501 /* UIFont+996.swift */; };
		84C7C9D4224C93820088F501 /* SettingViewController.swift in Sources */ = {isa = PBXBuildFile; fileRef = 84C7C9D3224C93820088F501 /* SettingViewController.swift */; };
		84D624B1224C833E007E397D /* AppDelegate.swift in Sources */ = {isa = PBXBuildFile; fileRef = 84D624B0224C833E007E397D /* AppDelegate.swift */; };
		84D624B6224C833E007E397D /* Main.storyboard in Resources */ = {isa = PBXBuildFile; fileRef = 84D624B4224C833E007E397D /* Main.storyboard */; };
		84D624B8224C8340007E397D /* Assets.xcassets in Resources */ = {isa = PBXBuildFile; fileRef = 84D624B7224C8340007E397D /* Assets.xcassets */; };
		84D624BB224C8340007E397D /* LaunchScreen.storyboard in Resources */ = {isa = PBXBuildFile; fileRef = 84D624B9224C8340007E397D /* LaunchScreen.storyboard */; };
		84D624C6224C8340007E397D /* ICU996Tests.swift in Sources */ = {isa = PBXBuildFile; fileRef = 84D624C5224C8340007E397D /* ICU996Tests.swift */; };
/* End PBXBuildFile section */

/* Begin PBXContainerItemProxy section */
		84D624C2224C8340007E397D /* PBXContainerItemProxy */ = {
			isa = PBXContainerItemProxy;
			containerPortal = 84D624A5224C833E007E397D /* Project object */;
			proxyType = 1;
			remoteGlobalIDString = 84D624AC224C833E007E397D;
			remoteInfo = ICU996;
		};
/* End PBXContainerItemProxy section */

/* Begin PBXFileReference section */
		1E39E1D8224E5EE500BA4EFA /* ICUStartViewController.swift */ = {isa = PBXFileReference; lastKnownFileType = sourcecode.swift; path = ICUStartViewController.swift; sourceTree = "<group>"; };
		1E39E1DA224E67E300BA4EFA /* ICUSaying.swift */ = {isa = PBXFileReference; lastKnownFileType = sourcecode.swift; path = ICUSaying.swift; sourceTree = "<group>"; };
		1ECB6F38224FBB5900DED811 /* ICU996.entitlements */ = {isa = PBXFileReference; lastKnownFileType = text.plist.entitlements; path = ICU996.entitlements; sourceTree = "<group>"; };
		386FB4DD9B66CADCEE971A70 /* Pods_ICU996Tests.framework */ = {isa = PBXFileReference; explicitFileType = wrapper.framework; includeInIndex = 0; path = Pods_ICU996Tests.framework; sourceTree = BUILT_PRODUCTS_DIR; };
		4A55BB2643321A312551C958 /* Pods-ICU996Tests.debug.xcconfig */ = {isa = PBXFileReference; includeInIndex = 1; lastKnownFileType = text.xcconfig; name = "Pods-ICU996Tests.debug.xcconfig"; path = "Target Support Files/Pods-ICU996Tests/Pods-ICU996Tests.debug.xcconfig"; sourceTree = "<group>"; };
		518DEAF9224F178100D18869 /* ICUFeedbackViewController.swift */ = {isa = PBXFileReference; lastKnownFileType = sourcecode.swift; path = ICUFeedbackViewController.swift; sourceTree = "<group>"; };
		518DEAFB224F1B7F00D18869 /* MessageUI.framework */ = {isa = PBXFileReference; lastKnownFileType = wrapper.framework; name = MessageUI.framework; path = System/Library/Frameworks/MessageUI.framework; sourceTree = SDKROOT; };
		518DEAFD224F1F7800D18869 /* UIDevice+.swift */ = {isa = PBXFileReference; lastKnownFileType = sourcecode.swift; path = "UIDevice+.swift"; sourceTree = "<group>"; };
		5AA85AD781F02E031634A38C /* Pods-ICU996.debug.xcconfig */ = {isa = PBXFileReference; includeInIndex = 1; lastKnownFileType = text.xcconfig; name = "Pods-ICU996.debug.xcconfig"; path = "Target Support Files/Pods-ICU996/Pods-ICU996.debug.xcconfig"; sourceTree = "<group>"; };
		71FE11A126EB0BDF065E5D93 /* Pods-ICU996.release.xcconfig */ = {isa = PBXFileReference; includeInIndex = 1; lastKnownFileType = text.xcconfig; name = "Pods-ICU996.release.xcconfig"; path = "Target Support Files/Pods-ICU996/Pods-ICU996.release.xcconfig"; sourceTree = "<group>"; };
		8493C8AE224E543D00D28C22 /* IcuHeaderView.swift */ = {isa = PBXFileReference; lastKnownFileType = sourcecode.swift; path = IcuHeaderView.swift; sourceTree = "<group>"; };
		8493C8B0224E574A00D28C22 /* UIColor+996.swift */ = {isa = PBXFileReference; lastKnownFileType = sourcecode.swift; path = "UIColor+996.swift"; sourceTree = "<group>"; };
		8493C8B2224E5A9000D28C22 /* IcuHeaderViewModel.swift */ = {isa = PBXFileReference; lastKnownFileType = sourcecode.swift; path = IcuHeaderViewModel.swift; sourceTree = "<group>"; };
		8493C8B5224E63F800D28C22 /* IcuTabView.swift */ = {isa = PBXFileReference; lastKnownFileType = sourcecode.swift; path = IcuTabView.swift; sourceTree = "<group>"; };
		8493C8B8224E66A900D28C22 /* IcuCalendarView.swift */ = {isa = PBXFileReference; lastKnownFileType = sourcecode.swift; path = IcuCalendarView.swift; sourceTree = "<group>"; };
		8493C8BB224E6DD200D28C22 /* IcuDateHelper.swift */ = {isa = PBXFileReference; lastKnownFileType = sourcecode.swift; path = IcuDateHelper.swift; sourceTree = "<group>"; };
		8493C8BF224E6ED500D28C22 /* IcuCacheManager.swift */ = {isa = PBXFileReference; lastKnownFileType = sourcecode.swift; path = IcuCacheManager.swift; sourceTree = "<group>"; };
		8493C8C1224F847600D28C22 /* IcuDateTest.swift */ = {isa = PBXFileReference; lastKnownFileType = sourcecode.swift; path = IcuDateTest.swift; sourceTree = "<group>"; };
		84C7C9C9224C90AA0088F501 /* MainViewController.swift */ = {isa = PBXFileReference; fileEncoding = 4; lastKnownFileType = sourcecode.swift; path = MainViewController.swift; sourceTree = "<group>"; };
		84C7C9CB224C91040088F501 /* UIColor+.swift */ = {isa = PBXFileReference; lastKnownFileType = sourcecode.swift; path = "UIColor+.swift"; sourceTree = "<group>"; };
		84C7C9CD224C92DF0088F501 /* UIViewController+.swift */ = {isa = PBXFileReference; lastKnownFileType = sourcecode.swift; path = "UIViewController+.swift"; sourceTree = "<group>"; };
		84C7C9D0224C93490088F501 /* UIFont+996.swift */ = {isa = PBXFileReference; lastKnownFileType = sourcecode.swift; path = "UIFont+996.swift"; sourceTree = "<group>"; };
		84C7C9D3224C93820088F501 /* SettingViewController.swift */ = {isa = PBXFileReference; lastKnownFileType = sourcecode.swift; path = SettingViewController.swift; sourceTree = "<group>"; };
		84D624AD224C833E007E397D /* ICU996.app */ = {isa = PBXFileReference; explicitFileType = wrapper.application; includeInIndex = 0; path = ICU996.app; sourceTree = BUILT_PRODUCTS_DIR; };
		84D624B0224C833E007E397D /* AppDelegate.swift */ = {isa = PBXFileReference; lastKnownFileType = sourcecode.swift; path = AppDelegate.swift; sourceTree = "<group>"; };
		84D624B5224C833E007E397D /* Base */ = {isa = PBXFileReference; lastKnownFileType = file.storyboard; name = Base; path = Base.lproj/Main.storyboard; sourceTree = "<group>"; };
		84D624B7224C8340007E397D /* Assets.xcassets */ = {isa = PBXFileReference; lastKnownFileType = folder.assetcatalog; path = Assets.xcassets; sourceTree = "<group>"; };
		84D624BA224C8340007E397D /* Base */ = {isa = PBXFileReference; lastKnownFileType = file.storyboard; name = Base; path = Base.lproj/LaunchScreen.storyboard; sourceTree = "<group>"; };
		84D624BC224C8340007E397D /* Info.plist */ = {isa = PBXFileReference; lastKnownFileType = text.plist.xml; path = Info.plist; sourceTree = "<group>"; };
		84D624C1224C8340007E397D /* ICU996Tests.xctest */ = {isa = PBXFileReference; explicitFileType = wrapper.cfbundle; includeInIndex = 0; path = ICU996Tests.xctest; sourceTree = BUILT_PRODUCTS_DIR; };
		84D624C5224C8340007E397D /* ICU996Tests.swift */ = {isa = PBXFileReference; lastKnownFileType = sourcecode.swift; path = ICU996Tests.swift; sourceTree = "<group>"; };
		84D624C7224C8340007E397D /* Info.plist */ = {isa = PBXFileReference; lastKnownFileType = text.plist.xml; path = Info.plist; sourceTree = "<group>"; };
		86EE023FE2D34456853C6999 /* Pods-ICU996Tests.release.xcconfig */ = {isa = PBXFileReference; includeInIndex = 1; lastKnownFileType = text.xcconfig; name = "Pods-ICU996Tests.release.xcconfig"; path = "Target Support Files/Pods-ICU996Tests/Pods-ICU996Tests.release.xcconfig"; sourceTree = "<group>"; };
		DB744606DA04C0D8969A71D4 /* Pods_ICU996.framework */ = {isa = PBXFileReference; explicitFileType = wrapper.framework; includeInIndex = 0; path = Pods_ICU996.framework; sourceTree = BUILT_PRODUCTS_DIR; };
/* End PBXFileReference section */

/* Begin PBXFrameworksBuildPhase section */
		84D624AA224C833E007E397D /* Frameworks */ = {
			isa = PBXFrameworksBuildPhase;
			buildActionMask = 2147483647;
			files = (
				518DEAFC224F1B7F00D18869 /* MessageUI.framework in Frameworks */,
				449E9529D3C61B8D8DE6254B /* Pods_ICU996.framework in Frameworks */,
			);
			runOnlyForDeploymentPostprocessing = 0;
		};
		84D624BE224C8340007E397D /* Frameworks */ = {
			isa = PBXFrameworksBuildPhase;
			buildActionMask = 2147483647;
			files = (
				5292FF641AF9DA2D28E4346D /* Pods_ICU996Tests.framework in Frameworks */,
			);
			runOnlyForDeploymentPostprocessing = 0;
		};
/* End PBXFrameworksBuildPhase section */

/* Begin PBXGroup section */
		1E39E1DC224E6BC900BA4EFA /* Start */ = {
			isa = PBXGroup;
			children = (
				1E39E1D8224E5EE500BA4EFA /* ICUStartViewController.swift */,
			);
			path = Start;
			sourceTree = "<group>";
		};
		1E39E1DD224E6C0F00BA4EFA /* Saying */ = {
			isa = PBXGroup;
			children = (
				1E39E1DA224E67E300BA4EFA /* ICUSaying.swift */,
			);
			path = Saying;
			sourceTree = "<group>";
		};
		39B135D8B9B81A51E107D5DE /* Pods */ = {
			isa = PBXGroup;
			children = (
				5AA85AD781F02E031634A38C /* Pods-ICU996.debug.xcconfig */,
				71FE11A126EB0BDF065E5D93 /* Pods-ICU996.release.xcconfig */,
				4A55BB2643321A312551C958 /* Pods-ICU996Tests.debug.xcconfig */,
				86EE023FE2D34456853C6999 /* Pods-ICU996Tests.release.xcconfig */,
			);
			path = Pods;
			sourceTree = "<group>";
		};
		8493C8A8224E53CE00D28C22 /* Component */ = {
			isa = PBXGroup;
			children = (
				8493C8B7224E669800D28C22 /* IcuCalendar */,
				8493C8B4224E63DC00D28C22 /* IcuTabber */,
				8493C8AB224E53EE00D28C22 /* IcuHeader */,
			);
			path = Component;
			sourceTree = "<group>";
		};
		8493C8AB224E53EE00D28C22 /* IcuHeader */ = {
			isa = PBXGroup;
			children = (
				8493C8AE224E543D00D28C22 /* IcuHeaderView.swift */,
				8493C8B2224E5A9000D28C22 /* IcuHeaderViewModel.swift */,
			);
			path = IcuHeader;
			sourceTree = "<group>";
		};
		8493C8B4224E63DC00D28C22 /* IcuTabber */ = {
			isa = PBXGroup;
			children = (
				8493C8B5224E63F800D28C22 /* IcuTabView.swift */,
			);
			path = IcuTabber;
			sourceTree = "<group>";
		};
		8493C8B7224E669800D28C22 /* IcuCalendar */ = {
			isa = PBXGroup;
			children = (
				8493C8B8224E66A900D28C22 /* IcuCalendarView.swift */,
			);
			path = IcuCalendar;
			sourceTree = "<group>";
		};
		8493C8BA224E6CA700D28C22 /* Core */ = {
			isa = PBXGroup;
			children = (
				8493C8BE224E6DF700D28C22 /* Cache */,
				8493C8BD224E6DD500D28C22 /* Date */,
			);
			path = Core;
			sourceTree = "<group>";
		};
		8493C8BD224E6DD500D28C22 /* Date */ = {
			isa = PBXGroup;
			children = (
				8493C8BB224E6DD200D28C22 /* IcuDateHelper.swift */,
			);
			path = Date;
			sourceTree = "<group>";
		};
		8493C8BE224E6DF700D28C22 /* Cache */ = {
			isa = PBXGroup;
			children = (
				8493C8BF224E6ED500D28C22 /* IcuCacheManager.swift */,
			);
			path = Cache;
			sourceTree = "<group>";
		};
		8493C8C3224F88AE00D28C22 /* Core */ = {
			isa = PBXGroup;
			children = (
				8493C8C1224F847600D28C22 /* IcuDateTest.swift */,
			);
			path = Core;
			sourceTree = "<group>";
		};
		84C7C9C6224C891E0088F501 /* Module */ = {
			isa = PBXGroup;
			children = (
				1E39E1DC224E6BC900BA4EFA /* Start */,
				84C7C9D2224C93700088F501 /* Setting */,
				84C7C9C8224C904B0088F501 /* Main */,
				1E39E1DD224E6C0F00BA4EFA /* Saying */,
			);
			path = Module;
			sourceTree = "<group>";
		};
		84C7C9C7224C89340088F501 /* Category */ = {
			isa = PBXGroup;
			children = (
				84C7C9CB224C91040088F501 /* UIColor+.swift */,
				84C7C9CD224C92DF0088F501 /* UIViewController+.swift */,
				518DEAFD224F1F7800D18869 /* UIDevice+.swift */,
			);
			path = Category;
			sourceTree = "<group>";
		};
		84C7C9C8224C904B0088F501 /* Main */ = {
			isa = PBXGroup;
			children = (
				84C7C9D6224C938C0088F501 /* Controller */,
			);
			path = Main;
			sourceTree = "<group>";
		};
		84C7C9CF224C93370088F501 /* Style */ = {
			isa = PBXGroup;
			children = (
				84C7C9D0224C93490088F501 /* UIFont+996.swift */,
				8493C8B0224E574A00D28C22 /* UIColor+996.swift */,
			);
			path = Style;
			sourceTree = "<group>";
		};
		84C7C9D2224C93700088F501 /* Setting */ = {
			isa = PBXGroup;
			children = (
				84C7C9D5224C93860088F501 /* Controller */,
			);
			path = Setting;
			sourceTree = "<group>";
		};
		84C7C9D5224C93860088F501 /* Controller */ = {
			isa = PBXGroup;
			children = (
				84C7C9D3224C93820088F501 /* SettingViewController.swift */,
				518DEAF9224F178100D18869 /* ICUFeedbackViewController.swift */,
			);
			path = Controller;
			sourceTree = "<group>";
		};
		84C7C9D6224C938C0088F501 /* Controller */ = {
			isa = PBXGroup;
			children = (
				84C7C9C9224C90AA0088F501 /* MainViewController.swift */,
			);
			path = Controller;
			sourceTree = "<group>";
		};
		84D624A4224C833E007E397D = {
			isa = PBXGroup;
			children = (
				84D624AF224C833E007E397D /* ICU996 */,
				84D624C4224C8340007E397D /* ICU996Tests */,
				84D624AE224C833E007E397D /* Products */,
				39B135D8B9B81A51E107D5DE /* Pods */,
				ADE8DDD54B6F89876F9084AE /* Frameworks */,
			);
			sourceTree = "<group>";
		};
		84D624AE224C833E007E397D /* Products */ = {
			isa = PBXGroup;
			children = (
				84D624AD224C833E007E397D /* ICU996.app */,
				84D624C1224C8340007E397D /* ICU996Tests.xctest */,
			);
			name = Products;
			sourceTree = "<group>";
		};
		84D624AF224C833E007E397D /* ICU996 */ = {
			isa = PBXGroup;
			children = (
				1ECB6F38224FBB5900DED811 /* ICU996.entitlements */,
				8493C8BA224E6CA700D28C22 /* Core */,
				8493C8A8224E53CE00D28C22 /* Component */,
				84C7C9CF224C93370088F501 /* Style */,
				84C7C9C7224C89340088F501 /* Category */,
				84C7C9C6224C891E0088F501 /* Module */,
				84D624B0224C833E007E397D /* AppDelegate.swift */,
				84D624B4224C833E007E397D /* Main.storyboard */,
				84D624B7224C8340007E397D /* Assets.xcassets */,
				84D624B9224C8340007E397D /* LaunchScreen.storyboard */,
				84D624BC224C8340007E397D /* Info.plist */,
			);
			path = ICU996;
			sourceTree = "<group>";
		};
		84D624C4224C8340007E397D /* ICU996Tests */ = {
			isa = PBXGroup;
			children = (
				8493C8C3224F88AE00D28C22 /* Core */,
				84D624C5224C8340007E397D /* ICU996Tests.swift */,
				84D624C7224C8340007E397D /* Info.plist */,
			);
			path = ICU996Tests;
			sourceTree = "<group>";
		};
		ADE8DDD54B6F89876F9084AE /* Frameworks */ = {
			isa = PBXGroup;
			children = (
				518DEAFB224F1B7F00D18869 /* MessageUI.framework */,
				DB744606DA04C0D8969A71D4 /* Pods_ICU996.framework */,
				386FB4DD9B66CADCEE971A70 /* Pods_ICU996Tests.framework */,
			);
			name = Frameworks;
			sourceTree = "<group>";
		};
/* End PBXGroup section */

/* Begin PBXNativeTarget section */
		84D624AC224C833E007E397D /* ICU996 */ = {
			isa = PBXNativeTarget;
			buildConfigurationList = 84D624CA224C8340007E397D /* Build configuration list for PBXNativeTarget "ICU996" */;
			buildPhases = (
				CE54C24FC8FD73C84EDB268E /* [CP] Check Pods Manifest.lock */,
				84D624A9224C833E007E397D /* Sources */,
				84D624AA224C833E007E397D /* Frameworks */,
				84D624AB224C833E007E397D /* Resources */,
				C613FC30F391644DC7BB0CE4 /* [CP] Embed Pods Frameworks */,
			);
			buildRules = (
			);
			dependencies = (
			);
			name = ICU996;
			productName = ICU996;
			productReference = 84D624AD224C833E007E397D /* ICU996.app */;
			productType = "com.apple.product-type.application";
		};
		84D624C0224C8340007E397D /* ICU996Tests */ = {
			isa = PBXNativeTarget;
			buildConfigurationList = 84D624CD224C8340007E397D /* Build configuration list for PBXNativeTarget "ICU996Tests" */;
			buildPhases = (
				88AEA0AC77CBA4B60A9FBD50 /* [CP] Check Pods Manifest.lock */,
				84D624BD224C8340007E397D /* Sources */,
				84D624BE224C8340007E397D /* Frameworks */,
				84D624BF224C8340007E397D /* Resources */,
				CE336774F5EAF6B25599D831 /* [CP] Embed Pods Frameworks */,
			);
			buildRules = (
			);
			dependencies = (
				84D624C3224C8340007E397D /* PBXTargetDependency */,
			);
			name = ICU996Tests;
			productName = ICU996Tests;
			productReference = 84D624C1224C8340007E397D /* ICU996Tests.xctest */;
			productType = "com.apple.product-type.bundle.unit-test";
		};
/* End PBXNativeTarget section */

/* Begin PBXProject section */
		84D624A5224C833E007E397D /* Project object */ = {
			isa = PBXProject;
			attributes = {
				LastSwiftUpdateCheck = 1020;
				LastUpgradeCheck = 1020;
				ORGANIZATIONNAME = "Harry Duan";
				TargetAttributes = {
					84D624AC224C833E007E397D = {
						CreatedOnToolsVersion = 10.2;
						SystemCapabilities = {
							com.apple.Push = {
								enabled = 0;
							};
						};
					};
					84D624C0224C8340007E397D = {
						CreatedOnToolsVersion = 10.2;
						TestTargetID = 84D624AC224C833E007E397D;
					};
				};
			};
			buildConfigurationList = 84D624A8224C833E007E397D /* Build configuration list for PBXProject "ICU996" */;
			compatibilityVersion = "Xcode 9.3";
			developmentRegion = en;
			hasScannedForEncodings = 0;
			knownRegions = (
				en,
				Base,
			);
			mainGroup = 84D624A4224C833E007E397D;
			productRefGroup = 84D624AE224C833E007E397D /* Products */;
			projectDirPath = "";
			projectRoot = "";
			targets = (
				84D624AC224C833E007E397D /* ICU996 */,
				84D624C0224C8340007E397D /* ICU996Tests */,
			);
		};
/* End PBXProject section */

/* Begin PBXResourcesBuildPhase section */
		84D624AB224C833E007E397D /* Resources */ = {
			isa = PBXResourcesBuildPhase;
			buildActionMask = 2147483647;
			files = (
				84D624BB224C8340007E397D /* LaunchScreen.storyboard in Resources */,
				84D624B8224C8340007E397D /* Assets.xcassets in Resources */,
				84D624B6224C833E007E397D /* Main.storyboard in Resources */,
			);
			runOnlyForDeploymentPostprocessing = 0;
		};
		84D624BF224C8340007E397D /* Resources */ = {
			isa = PBXResourcesBuildPhase;
			buildActionMask = 2147483647;
			files = (
			);
			runOnlyForDeploymentPostprocessing = 0;
		};
/* End PBXResourcesBuildPhase section */

/* Begin PBXShellScriptBuildPhase section */
		88AEA0AC77CBA4B60A9FBD50 /* [CP] Check Pods Manifest.lock */ = {
			isa = PBXShellScriptBuildPhase;
			buildActionMask = 2147483647;
			files = (
			);
			inputFileListPaths = (
			);
			inputPaths = (
				"${PODS_PODFILE_DIR_PATH}/Podfile.lock",
				"${PODS_ROOT}/Manifest.lock",
			);
			name = "[CP] Check Pods Manifest.lock";
			outputFileListPaths = (
			);
			outputPaths = (
				"$(DERIVED_FILE_DIR)/Pods-ICU996Tests-checkManifestLockResult.txt",
			);
			runOnlyForDeploymentPostprocessing = 0;
			shellPath = /bin/sh;
			shellScript = "diff \"${PODS_PODFILE_DIR_PATH}/Podfile.lock\" \"${PODS_ROOT}/Manifest.lock\" > /dev/null\nif [ $? != 0 ] ; then\n    # print error to STDERR\n    echo \"error: The sandbox is not in sync with the Podfile.lock. Run 'pod install' or update your CocoaPods installation.\" >&2\n    exit 1\nfi\n# This output is used by Xcode 'outputs' to avoid re-running this script phase.\necho \"SUCCESS\" > \"${SCRIPT_OUTPUT_FILE_0}\"\n";
			showEnvVarsInLog = 0;
		};
		C613FC30F391644DC7BB0CE4 /* [CP] Embed Pods Frameworks */ = {
			isa = PBXShellScriptBuildPhase;
			buildActionMask = 2147483647;
			files = (
			);
			inputFileListPaths = (
			);
			inputPaths = (
				"${PODS_ROOT}/Target Support Files/Pods-ICU996/Pods-ICU996-frameworks.sh",
				"${BUILT_PRODUCTS_DIR}/Alamofire/Alamofire.framework",
				"${BUILT_PRODUCTS_DIR}/AlamofireObjectMapper/AlamofireObjectMapper.framework",
				"${BUILT_PRODUCTS_DIR}/DLLocalNotifications/DLLocalNotifications.framework",
				"${BUILT_PRODUCTS_DIR}/DeviceKit/DeviceKit.framework",
				"${BUILT_PRODUCTS_DIR}/FLEX/FLEX.framework",
				"${BUILT_PRODUCTS_DIR}/ObjectMapper/ObjectMapper.framework",
				"${PODS_ROOT}/../Reveal/RevealServer.framework",
				"${BUILT_PRODUCTS_DIR}/SDWebImage/SDWebImage.framework",
				"${BUILT_PRODUCTS_DIR}/SnapKit/SnapKit.framework",
				"${BUILT_PRODUCTS_DIR}/SwiftyUserDefaults/SwiftyUserDefaults.framework",
				"${BUILT_PRODUCTS_DIR}/pop/pop.framework",
			);
			name = "[CP] Embed Pods Frameworks";
			outputFileListPaths = (
			);
			outputPaths = (
				"${TARGET_BUILD_DIR}/${FRAMEWORKS_FOLDER_PATH}/Alamofire.framework",
				"${TARGET_BUILD_DIR}/${FRAMEWORKS_FOLDER_PATH}/AlamofireObjectMapper.framework",
				"${TARGET_BUILD_DIR}/${FRAMEWORKS_FOLDER_PATH}/DLLocalNotifications.framework",
				"${TARGET_BUILD_DIR}/${FRAMEWORKS_FOLDER_PATH}/DeviceKit.framework",
				"${TARGET_BUILD_DIR}/${FRAMEWORKS_FOLDER_PATH}/FLEX.framework",
				"${TARGET_BUILD_DIR}/${FRAMEWORKS_FOLDER_PATH}/ObjectMapper.framework",
				"${TARGET_BUILD_DIR}/${FRAMEWORKS_FOLDER_PATH}/RevealServer.framework",
				"${TARGET_BUILD_DIR}/${FRAMEWORKS_FOLDER_PATH}/SDWebImage.framework",
				"${TARGET_BUILD_DIR}/${FRAMEWORKS_FOLDER_PATH}/SnapKit.framework",
				"${TARGET_BUILD_DIR}/${FRAMEWORKS_FOLDER_PATH}/SwiftyUserDefaults.framework",
				"${TARGET_BUILD_DIR}/${FRAMEWORKS_FOLDER_PATH}/pop.framework",
			);
			runOnlyForDeploymentPostprocessing = 0;
			shellPath = /bin/sh;
			shellScript = "\"${PODS_ROOT}/Target Support Files/Pods-ICU996/Pods-ICU996-frameworks.sh\"\n";
			showEnvVarsInLog = 0;
		};
		CE336774F5EAF6B25599D831 /* [CP] Embed Pods Frameworks */ = {
			isa = PBXShellScriptBuildPhase;
			buildActionMask = 2147483647;
			files = (
			);
			inputFileListPaths = (
			);
			inputPaths = (
				"${PODS_ROOT}/Target Support Files/Pods-ICU996Tests/Pods-ICU996Tests-frameworks.sh",
				"${BUILT_PRODUCTS_DIR}/Nimble/Nimble.framework",
			);
			name = "[CP] Embed Pods Frameworks";
			outputFileListPaths = (
			);
			outputPaths = (
				"${TARGET_BUILD_DIR}/${FRAMEWORKS_FOLDER_PATH}/Nimble.framework",
			);
			runOnlyForDeploymentPostprocessing = 0;
			shellPath = /bin/sh;
			shellScript = "\"${PODS_ROOT}/Target Support Files/Pods-ICU996Tests/Pods-ICU996Tests-frameworks.sh\"\n";
			showEnvVarsInLog = 0;
		};
		CE54C24FC8FD73C84EDB268E /* [CP] Check Pods Manifest.lock */ = {
			isa = PBXShellScriptBuildPhase;
			buildActionMask = 2147483647;
			files = (
			);
			inputFileListPaths = (
			);
			inputPaths = (
				"${PODS_PODFILE_DIR_PATH}/Podfile.lock",
				"${PODS_ROOT}/Manifest.lock",
			);
			name = "[CP] Check Pods Manifest.lock";
			outputFileListPaths = (
			);
			outputPaths = (
				"$(DERIVED_FILE_DIR)/Pods-ICU996-checkManifestLockResult.txt",
			);
			runOnlyForDeploymentPostprocessing = 0;
			shellPath = /bin/sh;
			shellScript = "diff \"${PODS_PODFILE_DIR_PATH}/Podfile.lock\" \"${PODS_ROOT}/Manifest.lock\" > /dev/null\nif [ $? != 0 ] ; then\n    # print error to STDERR\n    echo \"error: The sandbox is not in sync with the Podfile.lock. Run 'pod install' or update your CocoaPods installation.\" >&2\n    exit 1\nfi\n# This output is used by Xcode 'outputs' to avoid re-running this script phase.\necho \"SUCCESS\" > \"${SCRIPT_OUTPUT_FILE_0}\"\n";
			showEnvVarsInLog = 0;
		};
/* End PBXShellScriptBuildPhase section */

/* Begin PBXSourcesBuildPhase section */
		84D624A9224C833E007E397D /* Sources */ = {
			isa = PBXSourcesBuildPhase;
			buildActionMask = 2147483647;
			files = (
				1E39E1D9224E5EE500BA4EFA /* ICUStartViewController.swift in Sources */,
				8493C8C0224E6ED500D28C22 /* IcuCacheManager.swift in Sources */,
				84D624B1224C833E007E397D /* AppDelegate.swift in Sources */,
				84C7C9D1224C93490088F501 /* UIFont+996.swift in Sources */,
				8493C8B6224E63F800D28C22 /* IcuTabView.swift in Sources */,
				84C7C9CA224C90AA0088F501 /* MainViewController.swift in Sources */,
				8493C8AF224E543D00D28C22 /* IcuHeaderView.swift in Sources */,
				8493C8B1224E574A00D28C22 /* UIColor+996.swift in Sources */,
				84C7C9CE224C92DF0088F501 /* UIViewController+.swift in Sources */,
				8493C8B3224E5A9000D28C22 /* IcuHeaderViewModel.swift in Sources */,
				8493C8BC224E6DD200D28C22 /* IcuDateHelper.swift in Sources */,
				518DEAFA224F178100D18869 /* ICUFeedbackViewController.swift in Sources */,
				84C7C9CC224C91040088F501 /* UIColor+.swift in Sources */,
				518DEAFE224F1F7800D18869 /* UIDevice+.swift in Sources */,
				1E39E1DB224E67E300BA4EFA /* ICUSaying.swift in Sources */,
				84C7C9D4224C93820088F501 /* SettingViewController.swift in Sources */,
				8493C8B9224E66A900D28C22 /* IcuCalendarView.swift in Sources */,
			);
			runOnlyForDeploymentPostprocessing = 0;
		};
		84D624BD224C8340007E397D /* Sources */ = {
			isa = PBXSourcesBuildPhase;
			buildActionMask = 2147483647;
			files = (
				84D624C6224C8340007E397D /* ICU996Tests.swift in Sources */,
				8493C8C2224F847600D28C22 /* IcuDateTest.swift in Sources */,
			);
			runOnlyForDeploymentPostprocessing = 0;
		};
/* End PBXSourcesBuildPhase section */

/* Begin PBXTargetDependency section */
		84D624C3224C8340007E397D /* PBXTargetDependency */ = {
			isa = PBXTargetDependency;
			target = 84D624AC224C833E007E397D /* ICU996 */;
			targetProxy = 84D624C2224C8340007E397D /* PBXContainerItemProxy */;
		};
/* End PBXTargetDependency section */

/* Begin PBXVariantGroup section */
		84D624B4224C833E007E397D /* Main.storyboard */ = {
			isa = PBXVariantGroup;
			children = (
				84D624B5224C833E007E397D /* Base */,
			);
			name = Main.storyboard;
			sourceTree = "<group>";
		};
		84D624B9224C8340007E397D /* LaunchScreen.storyboard */ = {
			isa = PBXVariantGroup;
			children = (
				84D624BA224C8340007E397D /* Base */,
			);
			name = LaunchScreen.storyboard;
			sourceTree = "<group>";
		};
/* End PBXVariantGroup section */

/* Begin XCBuildConfiguration section */
		84D624C8224C8340007E397D /* Debug */ = {
			isa = XCBuildConfiguration;
			buildSettings = {
				ALWAYS_SEARCH_USER_PATHS = NO;
				CLANG_ANALYZER_NONNULL = YES;
				CLANG_ANALYZER_NUMBER_OBJECT_CONVERSION = YES_AGGRESSIVE;
				CLANG_CXX_LANGUAGE_STANDARD = "gnu++14";
				CLANG_CXX_LIBRARY = "libc++";
				CLANG_ENABLE_MODULES = YES;
				CLANG_ENABLE_OBJC_ARC = YES;
				CLANG_ENABLE_OBJC_WEAK = YES;
				CLANG_WARN_BLOCK_CAPTURE_AUTORELEASING = YES;
				CLANG_WARN_BOOL_CONVERSION = YES;
				CLANG_WARN_COMMA = YES;
				CLANG_WARN_CONSTANT_CONVERSION = YES;
				CLANG_WARN_DEPRECATED_OBJC_IMPLEMENTATIONS = YES;
				CLANG_WARN_DIRECT_OBJC_ISA_USAGE = YES_ERROR;
				CLANG_WARN_DOCUMENTATION_COMMENTS = YES;
				CLANG_WARN_EMPTY_BODY = YES;
				CLANG_WARN_ENUM_CONVERSION = YES;
				CLANG_WARN_INFINITE_RECURSION = YES;
				CLANG_WARN_INT_CONVERSION = YES;
				CLANG_WARN_NON_LITERAL_NULL_CONVERSION = YES;
				CLANG_WARN_OBJC_IMPLICIT_RETAIN_SELF = YES;
				CLANG_WARN_OBJC_LITERAL_CONVERSION = YES;
				CLANG_WARN_OBJC_ROOT_CLASS = YES_ERROR;
				CLANG_WARN_RANGE_LOOP_ANALYSIS = YES;
				CLANG_WARN_STRICT_PROTOTYPES = YES;
				CLANG_WARN_SUSPICIOUS_MOVE = YES;
				CLANG_WARN_UNGUARDED_AVAILABILITY = YES_AGGRESSIVE;
				CLANG_WARN_UNREACHABLE_CODE = YES;
				CLANG_WARN__DUPLICATE_METHOD_MATCH = YES;
				CODE_SIGN_IDENTITY = "iPhone Developer";
				COPY_PHASE_STRIP = NO;
				DEBUG_INFORMATION_FORMAT = dwarf;
				ENABLE_STRICT_OBJC_MSGSEND = YES;
				ENABLE_TESTABILITY = YES;
				GCC_C_LANGUAGE_STANDARD = gnu11;
				GCC_DYNAMIC_NO_PIC = NO;
				GCC_NO_COMMON_BLOCKS = YES;
				GCC_OPTIMIZATION_LEVEL = 0;
				GCC_PREPROCESSOR_DEFINITIONS = (
					"DEBUG=1",
					"$(inherited)",
				);
				GCC_WARN_64_TO_32_BIT_CONVERSION = YES;
				GCC_WARN_ABOUT_RETURN_TYPE = YES_ERROR;
				GCC_WARN_UNDECLARED_SELECTOR = YES;
				GCC_WARN_UNINITIALIZED_AUTOS = YES_AGGRESSIVE;
				GCC_WARN_UNUSED_FUNCTION = YES;
				GCC_WARN_UNUSED_VARIABLE = YES;
				IPHONEOS_DEPLOYMENT_TARGET = 12.2;
				MTL_ENABLE_DEBUG_INFO = INCLUDE_SOURCE;
				MTL_FAST_MATH = YES;
				ONLY_ACTIVE_ARCH = YES;
				SDKROOT = iphoneos;
				SWIFT_ACTIVE_COMPILATION_CONDITIONS = DEBUG;
				SWIFT_OPTIMIZATION_LEVEL = "-Onone";
			};
			name = Debug;
		};
		84D624C9224C8340007E397D /* Release */ = {
			isa = XCBuildConfiguration;
			buildSettings = {
				ALWAYS_SEARCH_USER_PATHS = NO;
				CLANG_ANALYZER_NONNULL = YES;
				CLANG_ANALYZER_NUMBER_OBJECT_CONVERSION = YES_AGGRESSIVE;
				CLANG_CXX_LANGUAGE_STANDARD = "gnu++14";
				CLANG_CXX_LIBRARY = "libc++";
				CLANG_ENABLE_MODULES = YES;
				CLANG_ENABLE_OBJC_ARC = YES;
				CLANG_ENABLE_OBJC_WEAK = YES;
				CLANG_WARN_BLOCK_CAPTURE_AUTORELEASING = YES;
				CLANG_WARN_BOOL_CONVERSION = YES;
				CLANG_WARN_COMMA = YES;
				CLANG_WARN_CONSTANT_CONVERSION = YES;
				CLANG_WARN_DEPRECATED_OBJC_IMPLEMENTATIONS = YES;
				CLANG_WARN_DIRECT_OBJC_ISA_USAGE = YES_ERROR;
				CLANG_WARN_DOCUMENTATION_COMMENTS = YES;
				CLANG_WARN_EMPTY_BODY = YES;
				CLANG_WARN_ENUM_CONVERSION = YES;
				CLANG_WARN_INFINITE_RECURSION = YES;
				CLANG_WARN_INT_CONVERSION = YES;
				CLANG_WARN_NON_LITERAL_NULL_CONVERSION = YES;
				CLANG_WARN_OBJC_IMPLICIT_RETAIN_SELF = YES;
				CLANG_WARN_OBJC_LITERAL_CONVERSION = YES;
				CLANG_WARN_OBJC_ROOT_CLASS = YES_ERROR;
				CLANG_WARN_RANGE_LOOP_ANALYSIS = YES;
				CLANG_WARN_STRICT_PROTOTYPES = YES;
				CLANG_WARN_SUSPICIOUS_MOVE = YES;
				CLANG_WARN_UNGUARDED_AVAILABILITY = YES_AGGRESSIVE;
				CLANG_WARN_UNREACHABLE_CODE = YES;
				CLANG_WARN__DUPLICATE_METHOD_MATCH = YES;
				CODE_SIGN_IDENTITY = "iPhone Developer";
				COPY_PHASE_STRIP = NO;
				DEBUG_INFORMATION_FORMAT = "dwarf-with-dsym";
				ENABLE_NS_ASSERTIONS = NO;
				ENABLE_STRICT_OBJC_MSGSEND = YES;
				GCC_C_LANGUAGE_STANDARD = gnu11;
				GCC_NO_COMMON_BLOCKS = YES;
				GCC_WARN_64_TO_32_BIT_CONVERSION = YES;
				GCC_WARN_ABOUT_RETURN_TYPE = YES_ERROR;
				GCC_WARN_UNDECLARED_SELECTOR = YES;
				GCC_WARN_UNINITIALIZED_AUTOS = YES_AGGRESSIVE;
				GCC_WARN_UNUSED_FUNCTION = YES;
				GCC_WARN_UNUSED_VARIABLE = YES;
				IPHONEOS_DEPLOYMENT_TARGET = 12.2;
				MTL_ENABLE_DEBUG_INFO = NO;
				MTL_FAST_MATH = YES;
				SDKROOT = iphoneos;
				SWIFT_COMPILATION_MODE = wholemodule;
				SWIFT_OPTIMIZATION_LEVEL = "-O";
				VALIDATE_PRODUCT = YES;
			};
			name = Release;
		};
		84D624CB224C8340007E397D /* Debug */ = {
			isa = XCBuildConfiguration;
			baseConfigurationReference = 5AA85AD781F02E031634A38C /* Pods-ICU996.debug.xcconfig */;
			buildSettings = {
				ASSETCATALOG_COMPILER_APPICON_NAME = AppIcon;
				CODE_SIGN_STYLE = Automatic;
				DEVELOPMENT_TEAM = ZZG7HSB6RX;
				GCC_PREFIX_HEADER = "";
				INFOPLIST_FILE = ICU996/Info.plist;
				IPHONEOS_DEPLOYMENT_TARGET = 10.0;
				LD_RUNPATH_SEARCH_PATHS = (
					"$(inherited)",
					"@executable_path/Frameworks",
				);
				PRODUCT_BUNDLE_IDENTIFIER = icu.996.ICU996;
				PRODUCT_NAME = "$(TARGET_NAME)";
				SWIFT_VERSION = 4.2;
				TARGETED_DEVICE_FAMILY = "1,2";
			};
			name = Debug;
		};
		84D624CC224C8340007E397D /* Release */ = {
			isa = XCBuildConfiguration;
			baseConfigurationReference = 71FE11A126EB0BDF065E5D93 /* Pods-ICU996.release.xcconfig */;
			buildSettings = {
				ASSETCATALOG_COMPILER_APPICON_NAME = AppIcon;
				CODE_SIGN_STYLE = Automatic;
				DEVELOPMENT_TEAM = ZZG7HSB6RX;
				GCC_PREFIX_HEADER = "";
				INFOPLIST_FILE = ICU996/Info.plist;
				IPHONEOS_DEPLOYMENT_TARGET = 10.0;
				LD_RUNPATH_SEARCH_PATHS = (
					"$(inherited)",
					"@executable_path/Frameworks",
				);
				PRODUCT_BUNDLE_IDENTIFIER = icu.996.ICU996;
				PRODUCT_NAME = "$(TARGET_NAME)";
				SWIFT_VERSION = 4.2;
				TARGETED_DEVICE_FAMILY = "1,2";
			};
			name = Release;
		};
		84D624CE224C8340007E397D /* Debug */ = {
			isa = XCBuildConfiguration;
			baseConfigurationReference = 4A55BB2643321A312551C958 /* Pods-ICU996Tests.debug.xcconfig */;
			buildSettings = {
				ALWAYS_EMBED_SWIFT_STANDARD_LIBRARIES = YES;
				BUNDLE_LOADER = "$(TEST_HOST)";
				CODE_SIGN_STYLE = Automatic;
				INFOPLIST_FILE = ICU996Tests/Info.plist;
				LD_RUNPATH_SEARCH_PATHS = (
					"$(inherited)",
					"@executable_path/Frameworks",
					"@loader_path/Frameworks",
				);
				PRODUCT_BUNDLE_IDENTIFIER = icu.996.ICU996Tests;
				PRODUCT_NAME = "$(TARGET_NAME)";
				SWIFT_VERSION = 5.0;
				TARGETED_DEVICE_FAMILY = "1,2";
				TEST_HOST = "$(BUILT_PRODUCTS_DIR)/ICU996.app/ICU996";
			};
			name = Debug;
		};
		84D624CF224C8340007E397D /* Release */ = {
			isa = XCBuildConfiguration;
			baseConfigurationReference = 86EE023FE2D34456853C6999 /* Pods-ICU996Tests.release.xcconfig */;
			buildSettings = {
				ALWAYS_EMBED_SWIFT_STANDARD_LIBRARIES = YES;
				BUNDLE_LOADER = "$(TEST_HOST)";
				CODE_SIGN_STYLE = Automatic;
				INFOPLIST_FILE = ICU996Tests/Info.plist;
				LD_RUNPATH_SEARCH_PATHS = (
					"$(inherited)",
					"@executable_path/Frameworks",
					"@loader_path/Frameworks",
				);
				PRODUCT_BUNDLE_IDENTIFIER = icu.996.ICU996Tests;
				PRODUCT_NAME = "$(TARGET_NAME)";
				SWIFT_VERSION = 5.0;
				TARGETED_DEVICE_FAMILY = "1,2";
				TEST_HOST = "$(BUILT_PRODUCTS_DIR)/ICU996.app/ICU996";
			};
			name = Release;
		};
/* End XCBuildConfiguration section */

/* Begin XCConfigurationList section */
		84D624A8224C833E007E397D /* Build configuration list for PBXProject "ICU996" */ = {
			isa = XCConfigurationList;
			buildConfigurations = (
				84D624C8224C8340007E397D /* Debug */,
				84D624C9224C8340007E397D /* Release */,
			);
			defaultConfigurationIsVisible = 0;
			defaultConfigurationName = Release;
		};
		84D624CA224C8340007E397D /* Build configuration list for PBXNativeTarget "ICU996" */ = {
			isa = XCConfigurationList;
			buildConfigurations = (
				84D624CB224C8340007E397D /* Debug */,
				84D624CC224C8340007E397D /* Release */,
			);
			defaultConfigurationIsVisible = 0;
			defaultConfigurationName = Release;
		};
		84D624CD224C8340007E397D /* Build configuration list for PBXNativeTarget "ICU996Tests" */ = {
			isa = XCConfigurationList;
			buildConfigurations = (
				84D624CE224C8340007E397D /* Debug */,
				84D624CF224C8340007E397D /* Release */,
			);
			defaultConfigurationIsVisible = 0;
			defaultConfigurationName = Release;
		};
/* End XCConfigurationList section */
	};
	rootObject = 84D624A5224C833E007E397D /* Project object */;
}
