PODS:
  - Alamofire (4.7.3)
  - AlamofireObjectMapper (5.2.0):
    - Alamofire (~> 4.7)
    - ObjectMapper (~> 3.4)
  - DeviceKit (1.12.0)
  - DLLocalNotifications (0.07)
  - FLEX (2.4.0)
  - ObjectMapper (3.4.2)
  - pop (1.0.12)
  - Reveal-SDK (4)
  - SDWebImage (4.4.6):
    - SDWebImage/Core (= 4.4.6)
  - SDWebImage/Core (4.4.6)
  - SnapKit (4.2.0)
  - SwiftyUserDefaults (4.0.0-beta.2)

DEPENDENCIES:
  - Alamofire (~> 4.7.3)
  - AlamofireObjectMapper (~> 5.0)
  - DeviceKit (~> 1.3)
  - DLLocalNotifications
  - FLEX (~> 2.0)
  - pop (~> 1.0.12)
  - Reveal-SDK (from `Reveal`)
  - SDWebImage (~> 4.4.6)
  - SnapKit (~> 4.2.0)
  - SwiftyUserDefaults (= 4.0.0-beta.2)

SPEC REPOS:
  https://github.com/cocoapods/specs.git:
    - Alamofire
    - AlamofireObjectMapper
    - DeviceKit
    - DLLocalNotifications
    - FLEX
    - ObjectMapper
    - pop
    - SDWebImage
    - SnapKit
    - SwiftyUserDefaults

EXTERNAL SOURCES:
  Reveal-SDK:
    :path: Reveal

SPEC CHECKSUMS:
  Alamofire: c7287b6e5d7da964a70935e5db17046b7fde6568
  AlamofireObjectMapper: 92b6ce2423a9d159e686f6a1d514a009bf903ddc
  DeviceKit: f5dbd2e70cafd420d6a09379b8800cdf5fe92ba5
  DLLocalNotifications: 5d358a73284efab757b4a4c07f3e5987b8afcef5
  FLEX: bd1a39e55b56bb413b6f1b34b3c10a0dc44ef079
  ObjectMapper: 0d4402610f4e468903ae64629eec4784531e5c51
  pop: d582054913807fd11fd50bfe6a539d91c7e1a55a
  Reveal-SDK: 53c2b252e7d21750ada7697f2d548fa3235a5f7d
  SDWebImage: 3f3f0c02f09798048c47a5ed0a13f17b063572d8
  SnapKit: fe8a619752f3f27075cc9a90244d75c6c3f27e2a
  SwiftyUserDefaults: 39ec70433f22f3052a64bc5fbfb34f46932b8bf1

PODFILE CHECKSUM: 52175dc69a312b7f54c541160712b7613f436f64

COCOAPODS: 1.6.1
