PODS:
  - Alamofire (4.7.3)
  - AlamofireObjectMapper (5.2.0):
    - Alamofire (~> 4.7)
    - ObjectMapper (~> 3.4)
  - AZCategory (0.0.2):
    - AZCategory/Gradient (= 0.0.2)
    - AZCategory/PushAndPop (= 0.0.2)
    - AZCategory/SafeArea (= 0.0.2)
  - AZCategory/Gradient (0.0.2)
  - AZCategory/PushAndPop (0.0.2)
  - AZCategory/SafeArea (0.0.2)
  - DeviceKit (1.13.0)
  - DLLocalNotifications (0.07)
  - FLEX (2.4.0)
  - KVOController (1.2.0)
  - Nimble (8.0.1)
  - ObjectMapper (3.4.2)
  - pop (1.0.12)
  - Reveal-SDK (4)
  - SDWebImage (4.4.6):
    - SDWebImage/Core (= 4.4.6)
  - SDWebImage/Core (4.4.6)
  - SnapKit (4.2.0)
  - SwiftyUserDefaults (4.0.0-beta.2)

DEPENDENCIES:
  - Alamofire (~> 4.7.3)
  - AlamofireObjectMapper (~> 5.0)
  - AZCategory
  - DeviceKit (~> 1.3)
  - DLLocalNotifications (~> 0.07)
  - FLEX (~> 2.0)
  - KVOController (~> 1.2)
  - Nimble (~> 8.0.0)
  - pop (~> 1.0.12)
  - Reveal-SDK (from `Reveal`)
  - SDWebImage (~> 4.4.6)
  - SnapKit (~> 4.2.0)
  - SwiftyUserDefaults (= 4.0.0-beta.2)

SPEC REPOS:
  https://github.com/cocoapods/specs.git:
    - Alamofire
    - AlamofireObjectMapper
    - AZCategory
    - DeviceKit
    - DLLocalNotifications
    - FLEX
    - KVOController
    - Nimble
    - ObjectMapper
    - pop
    - SDWebImage
    - SnapKit
    - SwiftyUserDefaults

EXTERNAL SOURCES:
  Reveal-SDK:
    :path: Reveal

SPEC CHECKSUMS:
  Alamofire: c7287b6e5d7da964a70935e5db17046b7fde6568
  AlamofireObjectMapper: 92b6ce2423a9d159e686f6a1d514a009bf903ddc
  AZCategory: fbcb0ba6e1da3790cd3aefe13216b5adc25f6b56
  DeviceKit: 5a4accdb2918ce0b69e62dc3bef6e4d2cc06e2e4
  DLLocalNotifications: 5d358a73284efab757b4a4c07f3e5987b8afcef5
  FLEX: bd1a39e55b56bb413b6f1b34b3c10a0dc44ef079
  KVOController: d72ace34afea42468329623b3379ab3cd1d286b6
  Nimble: 45f786ae66faa9a709624227fae502db55a8bdd0
  ObjectMapper: 0d4402610f4e468903ae64629eec4784531e5c51
  pop: d582054913807fd11fd50bfe6a539d91c7e1a55a
  Reveal-SDK: 53c2b252e7d21750ada7697f2d548fa3235a5f7d
  SDWebImage: 3f3f0c02f09798048c47a5ed0a13f17b063572d8
  SnapKit: fe8a619752f3f27075cc9a90244d75c6c3f27e2a
  SwiftyUserDefaults: 39ec70433f22f3052a64bc5fbfb34f46932b8bf1

PODFILE CHECKSUM: 5f72bf27596730d07a23812bb25a34adb8ef5f62

COCOAPODS: 1.6.1
